
Microsoft Visual Studio Solution File, Format Version 12.00
# Visual Studio 2012
Project("{FAE04EC0-301F-11D3-BF4B-00C04F79EFBC}") = "PluginLibrary.Base", "PluginLibrary.Base\PluginLibrary.Base.csproj", "{6A5B7443-D977-4761-8653-099F1A8BA0FC}"
EndProject
Global
	GlobalSection(SolutionConfigurationPlatforms) = preSolution
		Debug|Any CPU = Debug|Any CPU
		Release|Any CPU = Release|Any CPU
	EndGlobalSection
	GlobalSection(ProjectConfigurationPlatforms) = postSolution
		{6A5B7443-D977-4761-8653-099F1A8BA0FC}.Debug|Any CPU.ActiveCfg = Debug|Any CPU
		{6A5B7443-D977-4761-8653-099F1A8BA0FC}.Debug|Any CPU.Build.0 = Debug|Any CPU
		{6A5B7443-D977-4761-8653-099F1A8BA0FC}.Release|Any CPU.ActiveCfg = Release|Any CPU
		{6A5B7443-D977-4761-8653-099F1A8BA0FC}.Release|Any CPU.Build.0 = Release|Any CPU
	EndGlobalSection
	GlobalSection(SolutionProperties) = preSolution
		HideSolutionNode = FALSE
	EndGlobalSection
EndGlobal
